
Microsoft Visual Studio Solution File, Format Version 12.00
# Visual Studio Version 17
VisualStudioVersion = 17.9.34616.47
MinimumVisualStudioVersion = 10.0.40219.1
Project("{9A19103F-16F7-4668-BE54-9A1E7A4F7556}") = "BIV-Challange", "BIV-Challange\BIV-Challange.csproj", "{A29E7B7A-FB0A-4317-BF8B-324E8DF41F86}"
EndProject
Project("{E53339B2-1760-4266-BCC7-CA923CBCF16C}") = "docker-compose", "docker-compose.dcproj", "{EE410FC0-1F20-470A-9C48-4E127127BC25}"
EndProject
Global
	GlobalSection(SolutionConfigurationPlatforms) = preSolution
		Debug|Any CPU = Debug|Any CPU
		Release|Any CPU = Release|Any CPU
	EndGlobalSection
	GlobalSection(ProjectConfigurationPlatforms) = postSolution
		{A29E7B7A-FB0A-4317-BF8B-324E8DF41F86}.Debug|Any CPU.ActiveCfg = Debug|Any CPU
		{A29E7B7A-FB0A-4317-BF8B-324E8DF41F86}.Debug|Any CPU.Build.0 = Debug|Any CPU
		{A29E7B7A-FB0A-4317-BF8B-324E8DF41F86}.Release|Any CPU.ActiveCfg = Debug|Any CPU
		{A29E7B7A-FB0A-4317-BF8B-324E8DF41F86}.Release|Any CPU.Build.0 = Debug|Any CPU
		{EE410FC0-1F20-470A-9C48-4E127127BC25}.Debug|Any CPU.ActiveCfg = Debug|Any CPU
		{EE410FC0-1F20-470A-9C48-4E127127BC25}.Debug|Any CPU.Build.0 = Debug|Any CPU
		{EE410FC0-1F20-470A-9C48-4E127127BC25}.Release|Any CPU.ActiveCfg = Release|Any CPU
		{EE410FC0-1F20-470A-9C48-4E127127BC25}.Release|Any CPU.Build.0 = Release|Any CPU
	EndGlobalSection
	GlobalSection(SolutionProperties) = preSolution
		HideSolutionNode = FALSE
	EndGlobalSection
	GlobalSection(ExtensibilityGlobals) = postSolution
		SolutionGuid = {FD7ACDCA-4A83-4547-8D69-AE3BC18C511E}
	EndGlobalSection
EndGlobal
